
Microsoft Visual Studio Solution File, Format Version 12.00
# Visual Studio Version 17
VisualStudioVersion = 17.9.34622.214
MinimumVisualStudioVersion = 10.0.40219.1
Project("{FAE04EC0-301F-11D3-BF4B-00C04F79EFBC}") = "Lab1", "Lab1.csproj", "{DA102831-5527-402D-BCFD-292CC9AD313D}"
EndProject
Global
	GlobalSection(SolutionConfigurationPlatforms) = preSolution
		Debug|Any CPU = Debug|Any CPU
		Release|Any CPU = Release|Any CPU
	EndGlobalSection
	GlobalSection(ProjectConfigurationPlatforms) = postSolution
		{DA102831-5527-402D-BCFD-292CC9AD313D}.Debug|Any CPU.ActiveCfg = Debug|Any CPU
		{DA102831-5527-402D-BCFD-292CC9AD313D}.Debug|Any CPU.Build.0 = Debug|Any CPU
		{DA102831-5527-402D-BCFD-292CC9AD313D}.Release|Any CPU.ActiveCfg = Release|Any CPU
		{DA102831-5527-402D-BCFD-292CC9AD313D}.Release|Any CPU.Build.0 = Release|Any CPU
	EndGlobalSection
	GlobalSection(SolutionProperties) = preSolution
		HideSolutionNode = FALSE
	EndGlobalSection
	GlobalSection(ExtensibilityGlobals) = postSolution
		SolutionGuid = {432BFDFF-25EA-4C16-8A70-F0635BDD56ED}
	EndGlobalSection
EndGlobal
